
Microsoft Visual Studio Solution File, Format Version 12.00
# Visual Studio 15
VisualStudioVersion = 15.0.28010.2046
MinimumVisualStudioVersion = 10.0.40219.1
Project("{2150E333-8FDC-42A3-9474-1A3956D46DE8}") = "ApplicationCore", "ApplicationCore", "{DE1A3C06-04AF-45C4-8EEE-CEA21634E212}"
EndProject
Project("{2150E333-8FDC-42A3-9474-1A3956D46DE8}") = "Infrastructure", "Infrastructure", "{1FFA8A5F-50D8-4482-9238-E05B0A92AD57}"
EndProject
Project("{2150E333-8FDC-42A3-9474-1A3956D46DE8}") = "UserInterface", "UserInterface", "{D5ED037E-AC69-4308-B43E-9BDA1E4E1CBF}"
EndProject
Project("{2150E333-8FDC-42A3-9474-1A3956D46DE8}") = "UI.Aurelia", "UI.Aurelia", "{FE91395F-B53B-46BE-9700-EE892C5F9C51}"
EndProject
Project("{9A19103F-16F7-4668-BE54-9A1E7A4F7556}") = "ComicBase", "UserInterfaces\UI.Aurelia\ComicBase.csproj", "{C713292A-4C30-40EF-B4DA-B620056314A2}"
EndProject
Project("{2150E333-8FDC-42A3-9474-1A3956D46DE8}") = "ComicBase.Core", "ComicBase.Core", "{C3050260-C6C7-43FE-AEA0-335CA2278E2E}"
EndProject
Project("{9A19103F-16F7-4668-BE54-9A1E7A4F7556}") = "ComicBase.Core", "ApplicationCore\ComicBase.Core\ComicBase.Core.csproj", "{9C4BB236-C198-4E66-9964-1721A6F675AE}"
EndProject
Global
	GlobalSection(SolutionConfigurationPlatforms) = preSolution
		Debug|Any CPU = Debug|Any CPU
		Release|Any CPU = Release|Any CPU
	EndGlobalSection
	GlobalSection(ProjectConfigurationPlatforms) = postSolution
		{C713292A-4C30-40EF-B4DA-B620056314A2}.Debug|Any CPU.ActiveCfg = Debug|Any CPU
		{C713292A-4C30-40EF-B4DA-B620056314A2}.Debug|Any CPU.Build.0 = Debug|Any CPU
		{C713292A-4C30-40EF-B4DA-B620056314A2}.Release|Any CPU.ActiveCfg = Release|Any CPU
		{C713292A-4C30-40EF-B4DA-B620056314A2}.Release|Any CPU.Build.0 = Release|Any CPU
		{9C4BB236-C198-4E66-9964-1721A6F675AE}.Debug|Any CPU.ActiveCfg = Debug|Any CPU
		{9C4BB236-C198-4E66-9964-1721A6F675AE}.Debug|Any CPU.Build.0 = Debug|Any CPU
		{9C4BB236-C198-4E66-9964-1721A6F675AE}.Release|Any CPU.ActiveCfg = Release|Any CPU
		{9C4BB236-C198-4E66-9964-1721A6F675AE}.Release|Any CPU.Build.0 = Release|Any CPU
	EndGlobalSection
	GlobalSection(SolutionProperties) = preSolution
		HideSolutionNode = FALSE
	EndGlobalSection
	GlobalSection(NestedProjects) = preSolution
		{FE91395F-B53B-46BE-9700-EE892C5F9C51} = {D5ED037E-AC69-4308-B43E-9BDA1E4E1CBF}
		{C713292A-4C30-40EF-B4DA-B620056314A2} = {FE91395F-B53B-46BE-9700-EE892C5F9C51}
		{C3050260-C6C7-43FE-AEA0-335CA2278E2E} = {DE1A3C06-04AF-45C4-8EEE-CEA21634E212}
		{9C4BB236-C198-4E66-9964-1721A6F675AE} = {C3050260-C6C7-43FE-AEA0-335CA2278E2E}
	EndGlobalSection
	GlobalSection(ExtensibilityGlobals) = postSolution
		SolutionGuid = {99947E4C-158D-4A08-8BFF-8187D0C94E09}
	EndGlobalSection
EndGlobal
